
Microsoft Visual Studio Solution File, Format Version 12.00
# Visual Studio Version 17
VisualStudioVersion = 17.0.31903.59
MinimumVisualStudioVersion = 10.0.40219.1
Project("{2150E333-8FDC-42A3-9474-1A3956D46DE8}") = "src", "src", "{A2AA2549-4B63-42E3-9710-87C9ED20F56B}"
EndProject
Project("{FAE04EC0-301F-11D3-BF4B-00C04F79EFBC}") = "RazerTaskbar", "src\RazerTaskbar\RazerTaskbar.csproj", "{A3E133CF-3EC0-4988-AD2C-FDAA8286CD8E}"
EndProject
Project("{FAE04EC0-301F-11D3-BF4B-00C04F79EFBC}") = "RazerTaskbar.Core", "src\RazerTaskbar.Core\RazerTaskbar.Core.csproj", "{70DBD918-6D4C-4CC8-BB3C-C827CEB765F3}"
EndProject
Project("{2150E333-8FDC-42A3-9474-1A3956D46DE8}") = "tests", "tests", "{42202175-FA30-457C-9403-7847D44D548D}"
EndProject
Project("{FAE04EC0-301F-11D3-BF4B-00C04F79EFBC}") = "RazerTaskbar.Tests", "tests\RazerTaskbar.Tests\RazerTaskbar.Tests.csproj", "{3E817726-99DF-42E6-9958-76EA56AF7FFE}"
EndProject
Global
	GlobalSection(SolutionConfigurationPlatforms) = preSolution
		Debug|Any CPU = Debug|Any CPU
		Release|Any CPU = Release|Any CPU
	EndGlobalSection
	GlobalSection(SolutionProperties) = preSolution
		HideSolutionNode = FALSE
	EndGlobalSection
	GlobalSection(ProjectConfigurationPlatforms) = postSolution
		{A3E133CF-3EC0-4988-AD2C-FDAA8286CD8E}.Debug|Any CPU.ActiveCfg = Debug|x64
		{A3E133CF-3EC0-4988-AD2C-FDAA8286CD8E}.Debug|Any CPU.Build.0 = Debug|x64
		{A3E133CF-3EC0-4988-AD2C-FDAA8286CD8E}.Release|Any CPU.ActiveCfg = Release|x64
		{A3E133CF-3EC0-4988-AD2C-FDAA8286CD8E}.Release|Any CPU.Build.0 = Release|x64
		{70DBD918-6D4C-4CC8-BB3C-C827CEB765F3}.Debug|Any CPU.ActiveCfg = Debug|Any CPU
		{70DBD918-6D4C-4CC8-BB3C-C827CEB765F3}.Debug|Any CPU.Build.0 = Debug|Any CPU
		{70DBD918-6D4C-4CC8-BB3C-C827CEB765F3}.Release|Any CPU.ActiveCfg = Release|Any CPU
		{70DBD918-6D4C-4CC8-BB3C-C827CEB765F3}.Release|Any CPU.Build.0 = Release|Any CPU
		{3E817726-99DF-42E6-9958-76EA56AF7FFE}.Debug|Any CPU.ActiveCfg = Debug|Any CPU
		{3E817726-99DF-42E6-9958-76EA56AF7FFE}.Debug|Any CPU.Build.0 = Debug|Any CPU
		{3E817726-99DF-42E6-9958-76EA56AF7FFE}.Release|Any CPU.ActiveCfg = Release|Any CPU
		{3E817726-99DF-42E6-9958-76EA56AF7FFE}.Release|Any CPU.Build.0 = Release|Any CPU
	EndGlobalSection
	GlobalSection(NestedProjects) = preSolution
		{A3E133CF-3EC0-4988-AD2C-FDAA8286CD8E} = {A2AA2549-4B63-42E3-9710-87C9ED20F56B}
		{70DBD918-6D4C-4CC8-BB3C-C827CEB765F3} = {A2AA2549-4B63-42E3-9710-87C9ED20F56B}
		{3E817726-99DF-42E6-9958-76EA56AF7FFE} = {42202175-FA30-457C-9403-7847D44D548D}
	EndGlobalSection
EndGlobal
